// !$*UTF8*$!
{
	archiveVersion = 1;
	classes = {
	};
	objectVersion = 50;
	objects = {

/* Begin PBXBuildFile section */
		629EC89F2216A71C00B61E88 /* ErrorHandler.swift in Sources */ = {isa = PBXBuildFile; fileRef = 629EC89E2216A71C00B61E88 /* ErrorHandler.swift */; };
		62FECC3922154D9D00BA590A /* AppDelegate.swift in Sources */ = {isa = PBXBuildFile; fileRef = 62FECC3822154D9D00BA590A /* AppDelegate.swift */; };
		62FECC3E22154D9D00BA590A /* Main.storyboard in Resources */ = {isa = PBXBuildFile; fileRef = 62FECC3C22154D9D00BA590A /* Main.storyboard */; };
		62FECC4022154D9E00BA590A /* Assets.xcassets in Resources */ = {isa = PBXBuildFile; fileRef = 62FECC3F22154D9E00BA590A /* Assets.xcassets */; };
		62FECC4322154D9E00BA590A /* LaunchScreen.storyboard in Resources */ = {isa = PBXBuildFile; fileRef = 62FECC4122154D9E00BA590A /* LaunchScreen.storyboard */; };
		62FECC4E22154D9E00BA590A /* FinalProjectTests.swift in Sources */ = {isa = PBXBuildFile; fileRef = 62FECC4D22154D9E00BA590A /* FinalProjectTests.swift */; };
		62FECC5922154D9E00BA590A /* FinalProjectUITests.swift in Sources */ = {isa = PBXBuildFile; fileRef = 62FECC5822154D9E00BA590A /* FinalProjectUITests.swift */; };
		62FECC6722154E2F00BA590A /* LoginViewController.swift in Sources */ = {isa = PBXBuildFile; fileRef = 62FECC6622154E2F00BA590A /* LoginViewController.swift */; };
		62FECC6922154F0500BA590A /* SignInView.xib in Resources */ = {isa = PBXBuildFile; fileRef = 62FECC6822154F0500BA590A /* SignInView.xib */; };
		62FECC6B22154F3200BA590A /* SignInView.swift in Sources */ = {isa = PBXBuildFile; fileRef = 62FECC6A22154F3200BA590A /* SignInView.swift */; };
		62FECC6D22154F8300BA590A /* SignUpView.xib in Resources */ = {isa = PBXBuildFile; fileRef = 62FECC6C22154F8300BA590A /* SignUpView.xib */; };
		62FECC6F22154FB600BA590A /* SignUpView.swift in Sources */ = {isa = PBXBuildFile; fileRef = 62FECC6E22154FB600BA590A /* SignUpView.swift */; };
		62FECC71221552D200BA590A /* SignInViewDelegate.swift in Sources */ = {isa = PBXBuildFile; fileRef = 62FECC70221552D200BA590A /* SignInViewDelegate.swift */; };
		62FECC73221552EC00BA590A /* SignUpViewDelegate.swift in Sources */ = {isa = PBXBuildFile; fileRef = 62FECC72221552EC00BA590A /* SignUpViewDelegate.swift */; };
		62FECC75221577EA00BA590A /* ProfilView.xib in Resources */ = {isa = PBXBuildFile; fileRef = 62FECC74221577EA00BA590A /* ProfilView.xib */; };
		62FECC78221578B200BA590A /* ProfilView.swift in Sources */ = {isa = PBXBuildFile; fileRef = 62FECC77221578B200BA590A /* ProfilView.swift */; };
		62FECC7A22157A5A00BA590A /* RegisterUser.swift in Sources */ = {isa = PBXBuildFile; fileRef = 62FECC7922157A5A00BA590A /* RegisterUser.swift */; };
		62FECC7C22157B6C00BA590A /* User.swift in Sources */ = {isa = PBXBuildFile; fileRef = 62FECC7B22157B6C00BA590A /* User.swift */; };
		62FECC7E2215AE0A00BA590A /* ProfilViewDelegate.swift in Sources */ = {isa = PBXBuildFile; fileRef = 62FECC7D2215AE0A00BA590A /* ProfilViewDelegate.swift */; };
/* End PBXBuildFile section */

/* Begin PBXContainerItemProxy section */
		62FECC4A22154D9E00BA590A /* PBXContainerItemProxy */ = {
			isa = PBXContainerItemProxy;
			containerPortal = 62FECC2D22154D9D00BA590A /* Project object */;
			proxyType = 1;
			remoteGlobalIDString = 62FECC3422154D9D00BA590A;
			remoteInfo = FinalProject;
		};
		62FECC5522154D9E00BA590A /* PBXContainerItemProxy */ = {
			isa = PBXContainerItemProxy;
			containerPortal = 62FECC2D22154D9D00BA590A /* Project object */;
			proxyType = 1;
			remoteGlobalIDString = 62FECC3422154D9D00BA590A;
			remoteInfo = FinalProject;
		};
/* End PBXContainerItemProxy section */

/* Begin PBXFileReference section */
		629EC89E2216A71C00B61E88 /* ErrorHandler.swift */ = {isa = PBXFileReference; lastKnownFileType = sourcecode.swift; path = ErrorHandler.swift; sourceTree = "<group>"; };
		62FECC3522154D9D00BA590A /* FinalProject.app */ = {isa = PBXFileReference; explicitFileType = wrapper.application; includeInIndex = 0; path = FinalProject.app; sourceTree = BUILT_PRODUCTS_DIR; };
		62FECC3822154D9D00BA590A /* AppDelegate.swift */ = {isa = PBXFileReference; lastKnownFileType = sourcecode.swift; path = AppDelegate.swift; sourceTree = "<group>"; };
		62FECC3D22154D9D00BA590A /* Base */ = {isa = PBXFileReference; lastKnownFileType = file.storyboard; name = Base; path = Base.lproj/Main.storyboard; sourceTree = "<group>"; };
		62FECC3F22154D9E00BA590A /* Assets.xcassets */ = {isa = PBXFileReference; lastKnownFileType = folder.assetcatalog; path = Assets.xcassets; sourceTree = "<group>"; };
		62FECC4222154D9E00BA590A /* Base */ = {isa = PBXFileReference; lastKnownFileType = file.storyboard; name = Base; path = Base.lproj/LaunchScreen.storyboard; sourceTree = "<group>"; };
		62FECC4422154D9E00BA590A /* Info.plist */ = {isa = PBXFileReference; lastKnownFileType = text.plist.xml; path = Info.plist; sourceTree = "<group>"; };
		62FECC4922154D9E00BA590A /* FinalProjectTests.xctest */ = {isa = PBXFileReference; explicitFileType = wrapper.cfbundle; includeInIndex = 0; path = FinalProjectTests.xctest; sourceTree = BUILT_PRODUCTS_DIR; };
		62FECC4D22154D9E00BA590A /* FinalProjectTests.swift */ = {isa = PBXFileReference; lastKnownFileType = sourcecode.swift; path = FinalProjectTests.swift; sourceTree = "<group>"; };
		62FECC4F22154D9E00BA590A /* Info.plist */ = {isa = PBXFileReference; lastKnownFileType = text.plist.xml; path = Info.plist; sourceTree = "<group>"; };
		62FECC5422154D9E00BA590A /* FinalProjectUITests.xctest */ = {isa = PBXFileReference; explicitFileType = wrapper.cfbundle; includeInIndex = 0; path = FinalProjectUITests.xctest; sourceTree = BUILT_PRODUCTS_DIR; };
		62FECC5822154D9E00BA590A /* FinalProjectUITests.swift */ = {isa = PBXFileReference; lastKnownFileType = sourcecode.swift; path = FinalProjectUITests.swift; sourceTree = "<group>"; };
		62FECC5A22154D9E00BA590A /* Info.plist */ = {isa = PBXFileReference; lastKnownFileType = text.plist.xml; path = Info.plist; sourceTree = "<group>"; };
		62FECC6622154E2F00BA590A /* LoginViewController.swift */ = {isa = PBXFileReference; lastKnownFileType = sourcecode.swift; path = LoginViewController.swift; sourceTree = "<group>"; };
		62FECC6822154F0500BA590A /* SignInView.xib */ = {isa = PBXFileReference; lastKnownFileType = file.xib; path = SignInView.xib; sourceTree = "<group>"; };
		62FECC6A22154F3200BA590A /* SignInView.swift */ = {isa = PBXFileReference; lastKnownFileType = sourcecode.swift; path = SignInView.swift; sourceTree = "<group>"; };
		62FECC6C22154F8300BA590A /* SignUpView.xib */ = {isa = PBXFileReference; lastKnownFileType = file.xib; path = SignUpView.xib; sourceTree = "<group>"; };
		62FECC6E22154FB600BA590A /* SignUpView.swift */ = {isa = PBXFileReference; lastKnownFileType = sourcecode.swift; path = SignUpView.swift; sourceTree = "<group>"; };
		62FECC70221552D200BA590A /* SignInViewDelegate.swift */ = {isa = PBXFileReference; lastKnownFileType = sourcecode.swift; path = SignInViewDelegate.swift; sourceTree = "<group>"; };
		62FECC72221552EC00BA590A /* SignUpViewDelegate.swift */ = {isa = PBXFileReference; lastKnownFileType = sourcecode.swift; path = SignUpViewDelegate.swift; sourceTree = "<group>"; };
		62FECC74221577EA00BA590A /* ProfilView.xib */ = {isa = PBXFileReference; lastKnownFileType = file.xib; path = ProfilView.xib; sourceTree = "<group>"; };
		62FECC762215787100BA590A /* README.md */ = {isa = PBXFileReference; lastKnownFileType = net.daringfireball.markdown; path = README.md; sourceTree = "<group>"; };
		62FECC77221578B200BA590A /* ProfilView.swift */ = {isa = PBXFileReference; lastKnownFileType = sourcecode.swift; path = ProfilView.swift; sourceTree = "<group>"; };
		62FECC7922157A5A00BA590A /* RegisterUser.swift */ = {isa = PBXFileReference; lastKnownFileType = sourcecode.swift; path = RegisterUser.swift; sourceTree = "<group>"; };
		62FECC7B22157B6C00BA590A /* User.swift */ = {isa = PBXFileReference; lastKnownFileType = sourcecode.swift; path = User.swift; sourceTree = "<group>"; };
		62FECC7D2215AE0A00BA590A /* ProfilViewDelegate.swift */ = {isa = PBXFileReference; lastKnownFileType = sourcecode.swift; path = ProfilViewDelegate.swift; sourceTree = "<group>"; };
/* End PBXFileReference section */

/* Begin PBXFrameworksBuildPhase section */
		62FECC3222154D9D00BA590A /* Frameworks */ = {
			isa = PBXFrameworksBuildPhase;
			buildActionMask = 2147483647;
			files = (
			);
			runOnlyForDeploymentPostprocessing = 0;
		};
		62FECC4622154D9E00BA590A /* Frameworks */ = {
			isa = PBXFrameworksBuildPhase;
			buildActionMask = 2147483647;
			files = (
			);
			runOnlyForDeploymentPostprocessing = 0;
		};
		62FECC5122154D9E00BA590A /* Frameworks */ = {
			isa = PBXFrameworksBuildPhase;
			buildActionMask = 2147483647;
			files = (
			);
			runOnlyForDeploymentPostprocessing = 0;
		};
/* End PBXFrameworksBuildPhase section */

/* Begin PBXGroup section */
		629EC8A02216F03800B61E88 /* models */ = {
			isa = PBXGroup;
			children = (
				62FECC7B22157B6C00BA590A /* User.swift */,
				62FECC7922157A5A00BA590A /* RegisterUser.swift */,
				629EC89E2216A71C00B61E88 /* ErrorHandler.swift */,
			);
			path = models;
			sourceTree = "<group>";
		};
		629EC8A12216F04700B61E88 /* delegates */ = {
			isa = PBXGroup;
			children = (
				62FECC70221552D200BA590A /* SignInViewDelegate.swift */,
				62FECC72221552EC00BA590A /* SignUpViewDelegate.swift */,
				62FECC7D2215AE0A00BA590A /* ProfilViewDelegate.swift */,
			);
			path = delegates;
			sourceTree = "<group>";
		};
		629EC8A22216F04D00B61E88 /* views */ = {
			isa = PBXGroup;
			children = (
				62FECC77221578B200BA590A /* ProfilView.swift */,
				62FECC74221577EA00BA590A /* ProfilView.xib */,
				62FECC6A22154F3200BA590A /* SignInView.swift */,
				62FECC6822154F0500BA590A /* SignInView.xib */,
				62FECC6E22154FB600BA590A /* SignUpView.swift */,
				62FECC6C22154F8300BA590A /* SignUpView.xib */,
			);
			path = views;
			sourceTree = "<group>";
		};
		62FECC2C22154D9D00BA590A = {
			isa = PBXGroup;
			children = (
				62FECC762215787100BA590A /* README.md */,
				62FECC3722154D9D00BA590A /* FinalProject */,
				62FECC4C22154D9E00BA590A /* FinalProjectTests */,
				62FECC5722154D9E00BA590A /* FinalProjectUITests */,
				62FECC3622154D9D00BA590A /* Products */,
			);
			sourceTree = "<group>";
		};
		62FECC3622154D9D00BA590A /* Products */ = {
			isa = PBXGroup;
			children = (
				62FECC3522154D9D00BA590A /* FinalProject.app */,
				62FECC4922154D9E00BA590A /* FinalProjectTests.xctest */,
				62FECC5422154D9E00BA590A /* FinalProjectUITests.xctest */,
			);
			name = Products;
			sourceTree = "<group>";
		};
		62FECC3722154D9D00BA590A /* FinalProject */ = {
			isa = PBXGroup;
			children = (
				629EC8A22216F04D00B61E88 /* views */,
				629EC8A12216F04700B61E88 /* delegates */,
				629EC8A02216F03800B61E88 /* models */,
				62FECC3822154D9D00BA590A /* AppDelegate.swift */,
				62FECC3C22154D9D00BA590A /* Main.storyboard */,
				62FECC3F22154D9E00BA590A /* Assets.xcassets */,
				62FECC4122154D9E00BA590A /* LaunchScreen.storyboard */,
				62FECC4422154D9E00BA590A /* Info.plist */,
				62FECC6622154E2F00BA590A /* LoginViewController.swift */,
			);
			path = FinalProject;
			sourceTree = "<group>";
		};
		62FECC4C22154D9E00BA590A /* FinalProjectTests */ = {
			isa = PBXGroup;
			children = (
				62FECC4D22154D9E00BA590A /* FinalProjectTests.swift */,
				62FECC4F22154D9E00BA590A /* Info.plist */,
			);
			path = FinalProjectTests;
			sourceTree = "<group>";
		};
		62FECC5722154D9E00BA590A /* FinalProjectUITests */ = {
			isa = PBXGroup;
			children = (
				62FECC5822154D9E00BA590A /* FinalProjectUITests.swift */,
				62FECC5A22154D9E00BA590A /* Info.plist */,
			);
			path = FinalProjectUITests;
			sourceTree = "<group>";
		};
/* End PBXGroup section */

/* Begin PBXNativeTarget section */
		62FECC3422154D9D00BA590A /* FinalProject */ = {
			isa = PBXNativeTarget;
			buildConfigurationList = 62FECC5D22154D9E00BA590A /* Build configuration list for PBXNativeTarget "FinalProject" */;
			buildPhases = (
				62FECC3122154D9D00BA590A /* Sources */,
				62FECC3222154D9D00BA590A /* Frameworks */,
				62FECC3322154D9D00BA590A /* Resources */,
			);
			buildRules = (
			);
			dependencies = (
			);
			name = FinalProject;
			productName = FinalProject;
			productReference = 62FECC3522154D9D00BA590A /* FinalProject.app */;
			productType = "com.apple.product-type.application";
		};
		62FECC4822154D9E00BA590A /* FinalProjectTests */ = {
			isa = PBXNativeTarget;
			buildConfigurationList = 62FECC6022154D9E00BA590A /* Build configuration list for PBXNativeTarget "FinalProjectTests" */;
			buildPhases = (
				62FECC4522154D9E00BA590A /* Sources */,
				62FECC4622154D9E00BA590A /* Frameworks */,
				62FECC4722154D9E00BA590A /* Resources */,
			);
			buildRules = (
			);
			dependencies = (
				62FECC4B22154D9E00BA590A /* PBXTargetDependency */,
			);
			name = FinalProjectTests;
			productName = FinalProjectTests;
			productReference = 62FECC4922154D9E00BA590A /* FinalProjectTests.xctest */;
			productType = "com.apple.product-type.bundle.unit-test";
		};
		62FECC5322154D9E00BA590A /* FinalProjectUITests */ = {
			isa = PBXNativeTarget;
			buildConfigurationList = 62FECC6322154D9E00BA590A /* Build configuration list for PBXNativeTarget "FinalProjectUITests" */;
			buildPhases = (
				62FECC5022154D9E00BA590A /* Sources */,
				62FECC5122154D9E00BA590A /* Frameworks */,
				62FECC5222154D9E00BA590A /* Resources */,
			);
			buildRules = (
			);
			dependencies = (
				62FECC5622154D9E00BA590A /* PBXTargetDependency */,
			);
			name = FinalProjectUITests;
			productName = FinalProjectUITests;
			productReference = 62FECC5422154D9E00BA590A /* FinalProjectUITests.xctest */;
			productType = "com.apple.product-type.bundle.ui-testing";
		};
/* End PBXNativeTarget section */

/* Begin PBXProject section */
		62FECC2D22154D9D00BA590A /* Project object */ = {
			isa = PBXProject;
			attributes = {
				LastSwiftUpdateCheck = 1010;
				LastUpgradeCheck = 1010;
				ORGANIZATIONNAME = PeterAndAntoine;
				TargetAttributes = {
					62FECC3422154D9D00BA590A = {
						CreatedOnToolsVersion = 10.1;
					};
					62FECC4822154D9E00BA590A = {
						CreatedOnToolsVersion = 10.1;
						TestTargetID = 62FECC3422154D9D00BA590A;
					};
					62FECC5322154D9E00BA590A = {
						CreatedOnToolsVersion = 10.1;
						TestTargetID = 62FECC3422154D9D00BA590A;
					};
				};
			};
			buildConfigurationList = 62FECC3022154D9D00BA590A /* Build configuration list for PBXProject "FinalProject" */;
			compatibilityVersion = "Xcode 9.3";
			developmentRegion = en;
			hasScannedForEncodings = 0;
			knownRegions = (
				en,
				Base,
			);
			mainGroup = 62FECC2C22154D9D00BA590A;
			productRefGroup = 62FECC3622154D9D00BA590A /* Products */;
			projectDirPath = "";
			projectRoot = "";
			targets = (
				62FECC3422154D9D00BA590A /* FinalProject */,
				62FECC4822154D9E00BA590A /* FinalProjectTests */,
				62FECC5322154D9E00BA590A /* FinalProjectUITests */,
			);
		};
/* End PBXProject section */

/* Begin PBXResourcesBuildPhase section */
		62FECC3322154D9D00BA590A /* Resources */ = {
			isa = PBXResourcesBuildPhase;
			buildActionMask = 2147483647;
			files = (
				62FECC6922154F0500BA590A /* SignInView.xib in Resources */,
				62FECC4322154D9E00BA590A /* LaunchScreen.storyboard in Resources */,
				62FECC75221577EA00BA590A /* ProfilView.xib in Resources */,
				62FECC4022154D9E00BA590A /* Assets.xcassets in Resources */,
				62FECC6D22154F8300BA590A /* SignUpView.xib in Resources */,
				62FECC3E22154D9D00BA590A /* Main.storyboard in Resources */,
			);
			runOnlyForDeploymentPostprocessing = 0;
		};
		62FECC4722154D9E00BA590A /* Resources */ = {
			isa = PBXResourcesBuildPhase;
			buildActionMask = 2147483647;
			files = (
			);
			runOnlyForDeploymentPostprocessing = 0;
		};
		62FECC5222154D9E00BA590A /* Resources */ = {
			isa = PBXResourcesBuildPhase;
			buildActionMask = 2147483647;
			files = (
			);
			runOnlyForDeploymentPostprocessing = 0;
		};
/* End PBXResourcesBuildPhase section */

/* Begin PBXSourcesBuildPhase section */
		62FECC3122154D9D00BA590A /* Sources */ = {
			isa = PBXSourcesBuildPhase;
			buildActionMask = 2147483647;
			files = (
				62FECC6722154E2F00BA590A /* LoginViewController.swift in Sources */,
				62FECC7A22157A5A00BA590A /* RegisterUser.swift in Sources */,
				62FECC78221578B200BA590A /* ProfilView.swift in Sources */,
				62FECC6F22154FB600BA590A /* SignUpView.swift in Sources */,
				62FECC73221552EC00BA590A /* SignUpViewDelegate.swift in Sources */,
				62FECC7C22157B6C00BA590A /* User.swift in Sources */,
				629EC89F2216A71C00B61E88 /* ErrorHandler.swift in Sources */,
				62FECC6B22154F3200BA590A /* SignInView.swift in Sources */,
				62FECC7E2215AE0A00BA590A /* ProfilViewDelegate.swift in Sources */,
				62FECC3922154D9D00BA590A /* AppDelegate.swift in Sources */,
				62FECC71221552D200BA590A /* SignInViewDelegate.swift in Sources */,
			);
			runOnlyForDeploymentPostprocessing = 0;
		};
		62FECC4522154D9E00BA590A /* Sources */ = {
			isa = PBXSourcesBuildPhase;
			buildActionMask = 2147483647;
			files = (
				62FECC4E22154D9E00BA590A /* FinalProjectTests.swift in Sources */,
			);
			runOnlyForDeploymentPostprocessing = 0;
		};
		62FECC5022154D9E00BA590A /* Sources */ = {
			isa = PBXSourcesBuildPhase;
			buildActionMask = 2147483647;
			files = (
				62FECC5922154D9E00BA590A /* FinalProjectUITests.swift in Sources */,
			);
			runOnlyForDeploymentPostprocessing = 0;
		};
/* End PBXSourcesBuildPhase section */

/* Begin PBXTargetDependency section */
		62FECC4B22154D9E00BA590A /* PBXTargetDependency */ = {
			isa = PBXTargetDependency;
			target = 62FECC3422154D9D00BA590A /* FinalProject */;
			targetProxy = 62FECC4A22154D9E00BA590A /* PBXContainerItemProxy */;
		};
		62FECC5622154D9E00BA590A /* PBXTargetDependency */ = {
			isa = PBXTargetDependency;
			target = 62FECC3422154D9D00BA590A /* FinalProject */;
			targetProxy = 62FECC5522154D9E00BA590A /* PBXContainerItemProxy */;
		};
/* End PBXTargetDependency section */

/* Begin PBXVariantGroup section */
		62FECC3C22154D9D00BA590A /* Main.storyboard */ = {
			isa = PBXVariantGroup;
			children = (
				62FECC3D22154D9D00BA590A /* Base */,
			);
			name = Main.storyboard;
			sourceTree = "<group>";
		};
		62FECC4122154D9E00BA590A /* LaunchScreen.storyboard */ = {
			isa = PBXVariantGroup;
			children = (
				62FECC4222154D9E00BA590A /* Base */,
			);
			name = LaunchScreen.storyboard;
			sourceTree = "<group>";
		};
/* End PBXVariantGroup section */

/* Begin XCBuildConfiguration section */
		62FECC5B22154D9E00BA590A /* Debug */ = {
			isa = XCBuildConfiguration;
			buildSettings = {
				ALWAYS_SEARCH_USER_PATHS = NO;
				CLANG_ANALYZER_NONNULL = YES;
				CLANG_ANALYZER_NUMBER_OBJECT_CONVERSION = YES_AGGRESSIVE;
				CLANG_CXX_LANGUAGE_STANDARD = "gnu++14";
				CLANG_CXX_LIBRARY = "libc++";
				CLANG_ENABLE_MODULES = YES;
				CLANG_ENABLE_OBJC_ARC = YES;
				CLANG_ENABLE_OBJC_WEAK = YES;
				CLANG_WARN_BLOCK_CAPTURE_AUTORELEASING = YES;
				CLANG_WARN_BOOL_CONVERSION = YES;
				CLANG_WARN_COMMA = YES;
				CLANG_WARN_CONSTANT_CONVERSION = YES;
				CLANG_WARN_DEPRECATED_OBJC_IMPLEMENTATIONS = YES;
				CLANG_WARN_DIRECT_OBJC_ISA_USAGE = YES_ERROR;
				CLANG_WARN_DOCUMENTATION_COMMENTS = YES;
				CLANG_WARN_EMPTY_BODY = YES;
				CLANG_WARN_ENUM_CONVERSION = YES;
				CLANG_WARN_INFINITE_RECURSION = YES;
				CLANG_WARN_INT_CONVERSION = YES;
				CLANG_WARN_NON_LITERAL_NULL_CONVERSION = YES;
				CLANG_WARN_OBJC_IMPLICIT_RETAIN_SELF = YES;
				CLANG_WARN_OBJC_LITERAL_CONVERSION = YES;
				CLANG_WARN_OBJC_ROOT_CLASS = YES_ERROR;
				CLANG_WARN_RANGE_LOOP_ANALYSIS = YES;
				CLANG_WARN_STRICT_PROTOTYPES = YES;
				CLANG_WARN_SUSPICIOUS_MOVE = YES;
				CLANG_WARN_UNGUARDED_AVAILABILITY = YES_AGGRESSIVE;
				CLANG_WARN_UNREACHABLE_CODE = YES;
				CLANG_WARN__DUPLICATE_METHOD_MATCH = YES;
				CODE_SIGN_IDENTITY = "iPhone Developer";
				COPY_PHASE_STRIP = NO;
				DEBUG_INFORMATION_FORMAT = dwarf;
				ENABLE_STRICT_OBJC_MSGSEND = YES;
				ENABLE_TESTABILITY = YES;
				GCC_C_LANGUAGE_STANDARD = gnu11;
				GCC_DYNAMIC_NO_PIC = NO;
				GCC_NO_COMMON_BLOCKS = YES;
				GCC_OPTIMIZATION_LEVEL = 0;
				GCC_PREPROCESSOR_DEFINITIONS = (
					"DEBUG=1",
					"$(inherited)",
				);
				GCC_WARN_64_TO_32_BIT_CONVERSION = YES;
				GCC_WARN_ABOUT_RETURN_TYPE = YES_ERROR;
				GCC_WARN_UNDECLARED_SELECTOR = YES;
				GCC_WARN_UNINITIALIZED_AUTOS = YES_AGGRESSIVE;
				GCC_WARN_UNUSED_FUNCTION = YES;
				GCC_WARN_UNUSED_VARIABLE = YES;
				IPHONEOS_DEPLOYMENT_TARGET = 12.1;
				MTL_ENABLE_DEBUG_INFO = INCLUDE_SOURCE;
				MTL_FAST_MATH = YES;
				ONLY_ACTIVE_ARCH = YES;
				SDKROOT = iphoneos;
				SWIFT_ACTIVE_COMPILATION_CONDITIONS = DEBUG;
				SWIFT_OPTIMIZATION_LEVEL = "-Onone";
			};
			name = Debug;
		};
		62FECC5C22154D9E00BA590A /* Release */ = {
			isa = XCBuildConfiguration;
			buildSettings = {
				ALWAYS_SEARCH_USER_PATHS = NO;
				CLANG_ANALYZER_NONNULL = YES;
				CLANG_ANALYZER_NUMBER_OBJECT_CONVERSION = YES_AGGRESSIVE;
				CLANG_CXX_LANGUAGE_STANDARD = "gnu++14";
				CLANG_CXX_LIBRARY = "libc++";
				CLANG_ENABLE_MODULES = YES;
				CLANG_ENABLE_OBJC_ARC = YES;
				CLANG_ENABLE_OBJC_WEAK = YES;
				CLANG_WARN_BLOCK_CAPTURE_AUTORELEASING = YES;
				CLANG_WARN_BOOL_CONVERSION = YES;
				CLANG_WARN_COMMA = YES;
				CLANG_WARN_CONSTANT_CONVERSION = YES;
				CLANG_WARN_DEPRECATED_OBJC_IMPLEMENTATIONS = YES;
				CLANG_WARN_DIRECT_OBJC_ISA_USAGE = YES_ERROR;
				CLANG_WARN_DOCUMENTATION_COMMENTS = YES;
				CLANG_WARN_EMPTY_BODY = YES;
				CLANG_WARN_ENUM_CONVERSION = YES;
				CLANG_WARN_INFINITE_RECURSION = YES;
				CLANG_WARN_INT_CONVERSION = YES;
				CLANG_WARN_NON_LITERAL_NULL_CONVERSION = YES;
				CLANG_WARN_OBJC_IMPLICIT_RETAIN_SELF = YES;
				CLANG_WARN_OBJC_LITERAL_CONVERSION = YES;
				CLANG_WARN_OBJC_ROOT_CLASS = YES_ERROR;
				CLANG_WARN_RANGE_LOOP_ANALYSIS = YES;
				CLANG_WARN_STRICT_PROTOTYPES = YES;
				CLANG_WARN_SUSPICIOUS_MOVE = YES;
				CLANG_WARN_UNGUARDED_AVAILABILITY = YES_AGGRESSIVE;
				CLANG_WARN_UNREACHABLE_CODE = YES;
				CLANG_WARN__DUPLICATE_METHOD_MATCH = YES;
				CODE_SIGN_IDENTITY = "iPhone Developer";
				COPY_PHASE_STRIP = NO;
				DEBUG_INFORMATION_FORMAT = "dwarf-with-dsym";
				ENABLE_NS_ASSERTIONS = NO;
				ENABLE_STRICT_OBJC_MSGSEND = YES;
				GCC_C_LANGUAGE_STANDARD = gnu11;
				GCC_NO_COMMON_BLOCKS = YES;
				GCC_WARN_64_TO_32_BIT_CONVERSION = YES;
				GCC_WARN_ABOUT_RETURN_TYPE = YES_ERROR;
				GCC_WARN_UNDECLARED_SELECTOR = YES;
				GCC_WARN_UNINITIALIZED_AUTOS = YES_AGGRESSIVE;
				GCC_WARN_UNUSED_FUNCTION = YES;
				GCC_WARN_UNUSED_VARIABLE = YES;
				IPHONEOS_DEPLOYMENT_TARGET = 12.1;
				MTL_ENABLE_DEBUG_INFO = NO;
				MTL_FAST_MATH = YES;
				SDKROOT = iphoneos;
				SWIFT_COMPILATION_MODE = wholemodule;
				SWIFT_OPTIMIZATION_LEVEL = "-O";
				VALIDATE_PRODUCT = YES;
			};
			name = Release;
		};
		62FECC5E22154D9E00BA590A /* Debug */ = {
			isa = XCBuildConfiguration;
			buildSettings = {
				ASSETCATALOG_COMPILER_APPICON_NAME = AppIcon;
				CODE_SIGN_STYLE = Automatic;
				INFOPLIST_FILE = FinalProject/Info.plist;
				LD_RUNPATH_SEARCH_PATHS = (
					"$(inherited)",
					"@executable_path/Frameworks",
				);
				PRODUCT_BUNDLE_IDENTIFIER = PeterAndAntoine.FinalProject;
				PRODUCT_NAME = "$(TARGET_NAME)";
				SWIFT_VERSION = 4.2;
				TARGETED_DEVICE_FAMILY = "1,2";
			};
			name = Debug;
		};
		62FECC5F22154D9E00BA590A /* Release */ = {
			isa = XCBuildConfiguration;
			buildSettings = {
				ASSETCATALOG_COMPILER_APPICON_NAME = AppIcon;
				CODE_SIGN_STYLE = Automatic;
				INFOPLIST_FILE = FinalProject/Info.plist;
				LD_RUNPATH_SEARCH_PATHS = (
					"$(inherited)",
					"@executable_path/Frameworks",
				);
				PRODUCT_BUNDLE_IDENTIFIER = PeterAndAntoine.FinalProject;
				PRODUCT_NAME = "$(TARGET_NAME)";
				SWIFT_VERSION = 4.2;
				TARGETED_DEVICE_FAMILY = "1,2";
			};
			name = Release;
		};
		62FECC6122154D9E00BA590A /* Debug */ = {
			isa = XCBuildConfiguration;
			buildSettings = {
				ALWAYS_EMBED_SWIFT_STANDARD_LIBRARIES = YES;
				BUNDLE_LOADER = "$(TEST_HOST)";
				CODE_SIGN_STYLE = Automatic;
				INFOPLIST_FILE = FinalProjectTests/Info.plist;
				LD_RUNPATH_SEARCH_PATHS = (
					"$(inherited)",
					"@executable_path/Frameworks",
					"@loader_path/Frameworks",
				);
				PRODUCT_BUNDLE_IDENTIFIER = peter.FinalProjectTests;
				PRODUCT_NAME = "$(TARGET_NAME)";
				SWIFT_VERSION = 4.2;
				TARGETED_DEVICE_FAMILY = "1,2";
				TEST_HOST = "$(BUILT_PRODUCTS_DIR)/FinalProject.app/FinalProject";
			};
			name = Debug;
		};
		62FECC6222154D9E00BA590A /* Release */ = {
			isa = XCBuildConfiguration;
			buildSettings = {
				ALWAYS_EMBED_SWIFT_STANDARD_LIBRARIES = YES;
				BUNDLE_LOADER = "$(TEST_HOST)";
				CODE_SIGN_STYLE = Automatic;
				INFOPLIST_FILE = FinalProjectTests/Info.plist;
				LD_RUNPATH_SEARCH_PATHS = (
					"$(inherited)",
					"@executable_path/Frameworks",
					"@loader_path/Frameworks",
				);
				PRODUCT_BUNDLE_IDENTIFIER = peter.FinalProjectTests;
				PRODUCT_NAME = "$(TARGET_NAME)";
				SWIFT_VERSION = 4.2;
				TARGETED_DEVICE_FAMILY = "1,2";
				TEST_HOST = "$(BUILT_PRODUCTS_DIR)/FinalProject.app/FinalProject";
			};
			name = Release;
		};
		62FECC6422154D9E00BA590A /* Debug */ = {
			isa = XCBuildConfiguration;
			buildSettings = {
				ALWAYS_EMBED_SWIFT_STANDARD_LIBRARIES = YES;
				CODE_SIGN_STYLE = Automatic;
				INFOPLIST_FILE = FinalProjectUITests/Info.plist;
				LD_RUNPATH_SEARCH_PATHS = (
					"$(inherited)",
					"@executable_path/Frameworks",
					"@loader_path/Frameworks",
				);
				PRODUCT_BUNDLE_IDENTIFIER = peter.FinalProjectUITests;
				PRODUCT_NAME = "$(TARGET_NAME)";
				SWIFT_VERSION = 4.2;
				TARGETED_DEVICE_FAMILY = "1,2";
				TEST_TARGET_NAME = FinalProject;
			};
			name = Debug;
		};
		62FECC6522154D9E00BA590A /* Release */ = {
			isa = XCBuildConfiguration;
			buildSettings = {
				ALWAYS_EMBED_SWIFT_STANDARD_LIBRARIES = YES;
				CODE_SIGN_STYLE = Automatic;
				INFOPLIST_FILE = FinalProjectUITests/Info.plist;
				LD_RUNPATH_SEARCH_PATHS = (
					"$(inherited)",
					"@executable_path/Frameworks",
					"@loader_path/Frameworks",
				);
				PRODUCT_BUNDLE_IDENTIFIER = peter.FinalProjectUITests;
				PRODUCT_NAME = "$(TARGET_NAME)";
				SWIFT_VERSION = 4.2;
				TARGETED_DEVICE_FAMILY = "1,2";
				TEST_TARGET_NAME = FinalProject;
			};
			name = Release;
		};
/* End XCBuildConfiguration section */

/* Begin XCConfigurationList section */
		62FECC3022154D9D00BA590A /* Build configuration list for PBXProject "FinalProject" */ = {
			isa = XCConfigurationList;
			buildConfigurations = (
				62FECC5B22154D9E00BA590A /* Debug */,
				62FECC5C22154D9E00BA590A /* Release */,
			);
			defaultConfigurationIsVisible = 0;
			defaultConfigurationName = Release;
		};
		62FECC5D22154D9E00BA590A /* Build configuration list for PBXNativeTarget "FinalProject" */ = {
			isa = XCConfigurationList;
			buildConfigurations = (
				62FECC5E22154D9E00BA590A /* Debug */,
				62FECC5F22154D9E00BA590A /* Release */,
			);
			defaultConfigurationIsVisible = 0;
			defaultConfigurationName = Release;
		};
		62FECC6022154D9E00BA590A /* Build configuration list for PBXNativeTarget "FinalProjectTests" */ = {
			isa = XCConfigurationList;
			buildConfigurations = (
				62FECC6122154D9E00BA590A /* Debug */,
				62FECC6222154D9E00BA590A /* Release */,
			);
			defaultConfigurationIsVisible = 0;
			defaultConfigurationName = Release;
		};
		62FECC6322154D9E00BA590A /* Build configuration list for PBXNativeTarget "FinalProjectUITests" */ = {
			isa = XCConfigurationList;
			buildConfigurations = (
				62FECC6422154D9E00BA590A /* Debug */,
				62FECC6522154D9E00BA590A /* Release */,
			);
			defaultConfigurationIsVisible = 0;
			defaultConfigurationName = Release;
		};
/* End XCConfigurationList section */
	};
	rootObject = 62FECC2D22154D9D00BA590A /* Project object */;
}
